
Microsoft Visual Studio Solution File, Format Version 12.00
# Visual Studio 2013
VisualStudioVersion = 12.0.20623.1 VSUPREVIEW
MinimumVisualStudioVersion = 10.0.40219.1
Project("{FAE04EC0-301F-11D3-BF4B-00C04F79EFBC}") = "01.PrintBrowserAndClien", "01.PrintBrowserAndClien\01.PrintBrowserAndClien.csproj", "{9BB1D909-874D-438C-83DB-A337F80935D3}"
EndProject
Project("{FAE04EC0-301F-11D3-BF4B-00C04F79EFBC}") = "02.ListStringInSession", "02.ListStringInSession\02.ListStringInSession.csproj", "{821C5D46-E0FE-4F26-AABC-69B9F5922E4E}"
EndProject
Project("{FAE04EC0-301F-11D3-BF4B-00C04F79EFBC}") = "03.CookiesTransfer", "03.CookiesTransfer\03.CookiesTransfer.csproj", "{44B9370A-72F1-402D-9979-7BBAD748690C}"
EndProject
Project("{FAE04EC0-301F-11D3-BF4B-00C04F79EFBC}") = "04.ViewStateDelete", "04.ViewStateDelete\04.ViewStateDelete.csproj", "{8FECB41D-4675-46A6-961A-8C04289B7FFF}"
EndProject
Project("{FAE04EC0-301F-11D3-BF4B-00C04F79EFBC}") = "05.GraphWebCounter", "05.GraphWebCounter\05.GraphWebCounter.csproj", "{52051E75-7593-4D70-8ADE-9180E177B9A1}"
EndProject
Project("{FAE04EC0-301F-11D3-BF4B-00C04F79EFBC}") = "06.KeepVisitorsCountDb", "06.KeepVisitorsCountDb\06.KeepVisitorsCountDb.csproj", "{06AE79ED-2867-4F38-99DC-E4234CA73233}"
EndProject
Global
	GlobalSection(SolutionConfigurationPlatforms) = preSolution
		Debug|Any CPU = Debug|Any CPU
		Release|Any CPU = Release|Any CPU
	EndGlobalSection
	GlobalSection(ProjectConfigurationPlatforms) = postSolution
		{9BB1D909-874D-438C-83DB-A337F80935D3}.Debug|Any CPU.ActiveCfg = Debug|Any CPU
		{9BB1D909-874D-438C-83DB-A337F80935D3}.Debug|Any CPU.Build.0 = Debug|Any CPU
		{9BB1D909-874D-438C-83DB-A337F80935D3}.Release|Any CPU.ActiveCfg = Release|Any CPU
		{9BB1D909-874D-438C-83DB-A337F80935D3}.Release|Any CPU.Build.0 = Release|Any CPU
		{821C5D46-E0FE-4F26-AABC-69B9F5922E4E}.Debug|Any CPU.ActiveCfg = Debug|Any CPU
		{821C5D46-E0FE-4F26-AABC-69B9F5922E4E}.Debug|Any CPU.Build.0 = Debug|Any CPU
		{821C5D46-E0FE-4F26-AABC-69B9F5922E4E}.Release|Any CPU.ActiveCfg = Release|Any CPU
		{821C5D46-E0FE-4F26-AABC-69B9F5922E4E}.Release|Any CPU.Build.0 = Release|Any CPU
		{44B9370A-72F1-402D-9979-7BBAD748690C}.Debug|Any CPU.ActiveCfg = Debug|Any CPU
		{44B9370A-72F1-402D-9979-7BBAD748690C}.Debug|Any CPU.Build.0 = Debug|Any CPU
		{44B9370A-72F1-402D-9979-7BBAD748690C}.Release|Any CPU.ActiveCfg = Release|Any CPU
		{44B9370A-72F1-402D-9979-7BBAD748690C}.Release|Any CPU.Build.0 = Release|Any CPU
		{8FECB41D-4675-46A6-961A-8C04289B7FFF}.Debug|Any CPU.ActiveCfg = Debug|Any CPU
		{8FECB41D-4675-46A6-961A-8C04289B7FFF}.Debug|Any CPU.Build.0 = Debug|Any CPU
		{8FECB41D-4675-46A6-961A-8C04289B7FFF}.Release|Any CPU.ActiveCfg = Release|Any CPU
		{8FECB41D-4675-46A6-961A-8C04289B7FFF}.Release|Any CPU.Build.0 = Release|Any CPU
		{52051E75-7593-4D70-8ADE-9180E177B9A1}.Debug|Any CPU.ActiveCfg = Debug|Any CPU
		{52051E75-7593-4D70-8ADE-9180E177B9A1}.Debug|Any CPU.Build.0 = Debug|Any CPU
		{52051E75-7593-4D70-8ADE-9180E177B9A1}.Release|Any CPU.ActiveCfg = Release|Any CPU
		{52051E75-7593-4D70-8ADE-9180E177B9A1}.Release|Any CPU.Build.0 = Release|Any CPU
		{06AE79ED-2867-4F38-99DC-E4234CA73233}.Debug|Any CPU.ActiveCfg = Debug|Any CPU
		{06AE79ED-2867-4F38-99DC-E4234CA73233}.Debug|Any CPU.Build.0 = Debug|Any CPU
		{06AE79ED-2867-4F38-99DC-E4234CA73233}.Release|Any CPU.ActiveCfg = Release|Any CPU
		{06AE79ED-2867-4F38-99DC-E4234CA73233}.Release|Any CPU.Build.0 = Release|Any CPU
	EndGlobalSection
	GlobalSection(SolutionProperties) = preSolution
		HideSolutionNode = FALSE
	EndGlobalSection
EndGlobal
