
Microsoft Visual Studio Solution File, Format Version 12.00
# Visual Studio 2012
Project("{FAE04EC0-301F-11D3-BF4B-00C04F79EFBC}") = "Third-party-API", "Third-party-API\Third-party-API.csproj", "{7E0AF543-5661-4205-9EEC-9DF7A9B8426B}"
EndProject
Global
	GlobalSection(SolutionConfigurationPlatforms) = preSolution
		Debug|Any CPU = Debug|Any CPU
		Release|Any CPU = Release|Any CPU
	EndGlobalSection
	GlobalSection(ProjectConfigurationPlatforms) = postSolution
		{7E0AF543-5661-4205-9EEC-9DF7A9B8426B}.Debug|Any CPU.ActiveCfg = Debug|Any CPU
		{7E0AF543-5661-4205-9EEC-9DF7A9B8426B}.Debug|Any CPU.Build.0 = Debug|Any CPU
		{7E0AF543-5661-4205-9EEC-9DF7A9B8426B}.Release|Any CPU.ActiveCfg = Release|Any CPU
		{7E0AF543-5661-4205-9EEC-9DF7A9B8426B}.Release|Any CPU.Build.0 = Release|Any CPU
	EndGlobalSection
	GlobalSection(SolutionProperties) = preSolution
		HideSolutionNode = FALSE
	EndGlobalSection
EndGlobal
