
Microsoft Visual Studio Solution File, Format Version 12.00
# Visual Studio 2012
Project("{FAE04EC0-301F-11D3-BF4B-00C04F79EFBC}") = "02.TraverseWindowsDir", "02.TraverseWindowsDir.csproj", "{F1999982-CCDC-43E4-887D-D3A151FB43F0}"
EndProject
Project("{FAE04EC0-301F-11D3-BF4B-00C04F79EFBC}") = "03.FoldersTree", "..\02.FoldersTree\03.FoldersTree.csproj", "{1620E412-E123-476D-A469-F6F7F42F3AB6}"
EndProject
Project("{FAE04EC0-301F-11D3-BF4B-00C04F79EFBC}") = "01.ReadTreeAndProcess", "..\01.ReadTreeAndProcess\01.ReadTreeAndProcess.csproj", "{7D4E8959-C322-4174-8FD2-F60E2B869365}"
EndProject
Global
	GlobalSection(SolutionConfigurationPlatforms) = preSolution
		Debug|Any CPU = Debug|Any CPU
		Release|Any CPU = Release|Any CPU
	EndGlobalSection
	GlobalSection(ProjectConfigurationPlatforms) = postSolution
		{F1999982-CCDC-43E4-887D-D3A151FB43F0}.Debug|Any CPU.ActiveCfg = Debug|Any CPU
		{F1999982-CCDC-43E4-887D-D3A151FB43F0}.Debug|Any CPU.Build.0 = Debug|Any CPU
		{F1999982-CCDC-43E4-887D-D3A151FB43F0}.Release|Any CPU.ActiveCfg = Release|Any CPU
		{F1999982-CCDC-43E4-887D-D3A151FB43F0}.Release|Any CPU.Build.0 = Release|Any CPU
		{1620E412-E123-476D-A469-F6F7F42F3AB6}.Debug|Any CPU.ActiveCfg = Debug|Any CPU
		{1620E412-E123-476D-A469-F6F7F42F3AB6}.Debug|Any CPU.Build.0 = Debug|Any CPU
		{1620E412-E123-476D-A469-F6F7F42F3AB6}.Release|Any CPU.ActiveCfg = Release|Any CPU
		{1620E412-E123-476D-A469-F6F7F42F3AB6}.Release|Any CPU.Build.0 = Release|Any CPU
		{7D4E8959-C322-4174-8FD2-F60E2B869365}.Debug|Any CPU.ActiveCfg = Debug|Any CPU
		{7D4E8959-C322-4174-8FD2-F60E2B869365}.Debug|Any CPU.Build.0 = Debug|Any CPU
		{7D4E8959-C322-4174-8FD2-F60E2B869365}.Release|Any CPU.ActiveCfg = Release|Any CPU
		{7D4E8959-C322-4174-8FD2-F60E2B869365}.Release|Any CPU.Build.0 = Release|Any CPU
	EndGlobalSection
	GlobalSection(SolutionProperties) = preSolution
		HideSolutionNode = FALSE
	EndGlobalSection
EndGlobal
