
Microsoft Visual Studio Solution File, Format Version 12.00
# Visual Studio 2012
Project("{FAE04EC0-301F-11D3-BF4B-00C04F79EFBC}") = "StringExtensions", "StringExtensions\StringExtensions.csproj", "{695E97C1-7CE1-49D5-A271-B6B679A93BBC}"
EndProject
Global
	GlobalSection(SolutionConfigurationPlatforms) = preSolution
		Debug|Any CPU = Debug|Any CPU
		Release|Any CPU = Release|Any CPU
	EndGlobalSection
	GlobalSection(ProjectConfigurationPlatforms) = postSolution
		{695E97C1-7CE1-49D5-A271-B6B679A93BBC}.Debug|Any CPU.ActiveCfg = Debug|Any CPU
		{695E97C1-7CE1-49D5-A271-B6B679A93BBC}.Debug|Any CPU.Build.0 = Debug|Any CPU
		{695E97C1-7CE1-49D5-A271-B6B679A93BBC}.Release|Any CPU.ActiveCfg = Release|Any CPU
		{695E97C1-7CE1-49D5-A271-B6B679A93BBC}.Release|Any CPU.Build.0 = Release|Any CPU
	EndGlobalSection
	GlobalSection(SolutionProperties) = preSolution
		HideSolutionNode = FALSE
	EndGlobalSection
EndGlobal
