
Microsoft Visual Studio Solution File, Format Version 12.00
# Visual Studio 2012
Project("{FAE04EC0-301F-11D3-BF4B-00C04F79EFBC}") = "01.MaximalPath", "01.MaximalPath\01.MaximalPath.csproj", "{E3AE333A-03A8-4414-9B1D-39488E32D728}"
EndProject
Project("{FAE04EC0-301F-11D3-BF4B-00C04F79EFBC}") = "02.EmployeesSalaries", "02.EmployeesSalaries\02.EmployeesSalaries.csproj", "{DCACB080-BF70-4384-89E0-ABD0B1A75AA4}"
EndProject
Project("{FAE04EC0-301F-11D3-BF4B-00C04F79EFBC}") = "03.Words", "03.Words\03.Words.csproj", "{4D261791-B627-418C-B55B-513AD788582D}"
EndProject
Project("{FAE04EC0-301F-11D3-BF4B-00C04F79EFBC}") = "04.Guitar", "04.Guitar\04.Guitar.csproj", "{9650C500-3E84-4203-AF92-38F83B12E886}"
EndProject
Global
	GlobalSection(SolutionConfigurationPlatforms) = preSolution
		Debug|Any CPU = Debug|Any CPU
		Release|Any CPU = Release|Any CPU
	EndGlobalSection
	GlobalSection(ProjectConfigurationPlatforms) = postSolution
		{E3AE333A-03A8-4414-9B1D-39488E32D728}.Debug|Any CPU.ActiveCfg = Debug|Any CPU
		{E3AE333A-03A8-4414-9B1D-39488E32D728}.Debug|Any CPU.Build.0 = Debug|Any CPU
		{E3AE333A-03A8-4414-9B1D-39488E32D728}.Release|Any CPU.ActiveCfg = Release|Any CPU
		{E3AE333A-03A8-4414-9B1D-39488E32D728}.Release|Any CPU.Build.0 = Release|Any CPU
		{DCACB080-BF70-4384-89E0-ABD0B1A75AA4}.Debug|Any CPU.ActiveCfg = Debug|Any CPU
		{DCACB080-BF70-4384-89E0-ABD0B1A75AA4}.Debug|Any CPU.Build.0 = Debug|Any CPU
		{DCACB080-BF70-4384-89E0-ABD0B1A75AA4}.Release|Any CPU.ActiveCfg = Release|Any CPU
		{DCACB080-BF70-4384-89E0-ABD0B1A75AA4}.Release|Any CPU.Build.0 = Release|Any CPU
		{4D261791-B627-418C-B55B-513AD788582D}.Debug|Any CPU.ActiveCfg = Debug|Any CPU
		{4D261791-B627-418C-B55B-513AD788582D}.Debug|Any CPU.Build.0 = Debug|Any CPU
		{4D261791-B627-418C-B55B-513AD788582D}.Release|Any CPU.ActiveCfg = Release|Any CPU
		{4D261791-B627-418C-B55B-513AD788582D}.Release|Any CPU.Build.0 = Release|Any CPU
		{9650C500-3E84-4203-AF92-38F83B12E886}.Debug|Any CPU.ActiveCfg = Debug|Any CPU
		{9650C500-3E84-4203-AF92-38F83B12E886}.Debug|Any CPU.Build.0 = Debug|Any CPU
		{9650C500-3E84-4203-AF92-38F83B12E886}.Release|Any CPU.ActiveCfg = Release|Any CPU
		{9650C500-3E84-4203-AF92-38F83B12E886}.Release|Any CPU.Build.0 = Release|Any CPU
	EndGlobalSection
	GlobalSection(SolutionProperties) = preSolution
		HideSolutionNode = FALSE
	EndGlobalSection
EndGlobal
