
Microsoft Visual Studio Solution File, Format Version 12.00
# Visual Studio 2012
Project("{FAE04EC0-301F-11D3-BF4B-00C04F79EFBC}") = "01.MessagesInABottle", "01.MessagesInABottle\01.MessagesInABottle.csproj", "{3C8EE2B1-D539-4FD2-B61F-C0E2F5F7EB17}"
EndProject
Project("{FAE04EC0-301F-11D3-BF4B-00C04F79EFBC}") = "02.AcademyTasks", "02.AcademyTasks\02.AcademyTasks.csproj", "{9F4B6540-ACF6-497A-B762-D38A4EE33898}"
EndProject
Project("{FAE04EC0-301F-11D3-BF4B-00C04F79EFBC}") = "03.FriendsInNeed", "03.FriendsInNeed\03.FriendsInNeed.csproj", "{B84EA0F3-A184-42A8-A490-64B9F975AEC8}"
EndProject
Project("{FAE04EC0-301F-11D3-BF4B-00C04F79EFBC}") = "04.RiskWinRiskLooses", "04.RiskWinRiskLooses\04.RiskWinRiskLooses.csproj", "{5C78A2D2-F298-4C4E-BCB3-2846778283A5}"
EndProject
Project("{FAE04EC0-301F-11D3-BF4B-00C04F79EFBC}") = "05.ShoppingCenter", "05.ShoppingCenter\05.ShoppingCenter.csproj", "{66CEA270-A205-4B60-9527-A5870AD3ED24}"
EndProject
Global
	GlobalSection(SolutionConfigurationPlatforms) = preSolution
		Debug|Any CPU = Debug|Any CPU
		Release|Any CPU = Release|Any CPU
	EndGlobalSection
	GlobalSection(ProjectConfigurationPlatforms) = postSolution
		{3C8EE2B1-D539-4FD2-B61F-C0E2F5F7EB17}.Debug|Any CPU.ActiveCfg = Debug|Any CPU
		{3C8EE2B1-D539-4FD2-B61F-C0E2F5F7EB17}.Debug|Any CPU.Build.0 = Debug|Any CPU
		{3C8EE2B1-D539-4FD2-B61F-C0E2F5F7EB17}.Release|Any CPU.ActiveCfg = Release|Any CPU
		{3C8EE2B1-D539-4FD2-B61F-C0E2F5F7EB17}.Release|Any CPU.Build.0 = Release|Any CPU
		{9F4B6540-ACF6-497A-B762-D38A4EE33898}.Debug|Any CPU.ActiveCfg = Debug|Any CPU
		{9F4B6540-ACF6-497A-B762-D38A4EE33898}.Debug|Any CPU.Build.0 = Debug|Any CPU
		{9F4B6540-ACF6-497A-B762-D38A4EE33898}.Release|Any CPU.ActiveCfg = Release|Any CPU
		{9F4B6540-ACF6-497A-B762-D38A4EE33898}.Release|Any CPU.Build.0 = Release|Any CPU
		{B84EA0F3-A184-42A8-A490-64B9F975AEC8}.Debug|Any CPU.ActiveCfg = Debug|Any CPU
		{B84EA0F3-A184-42A8-A490-64B9F975AEC8}.Debug|Any CPU.Build.0 = Debug|Any CPU
		{B84EA0F3-A184-42A8-A490-64B9F975AEC8}.Release|Any CPU.ActiveCfg = Release|Any CPU
		{B84EA0F3-A184-42A8-A490-64B9F975AEC8}.Release|Any CPU.Build.0 = Release|Any CPU
		{5C78A2D2-F298-4C4E-BCB3-2846778283A5}.Debug|Any CPU.ActiveCfg = Debug|Any CPU
		{5C78A2D2-F298-4C4E-BCB3-2846778283A5}.Debug|Any CPU.Build.0 = Debug|Any CPU
		{5C78A2D2-F298-4C4E-BCB3-2846778283A5}.Release|Any CPU.ActiveCfg = Release|Any CPU
		{5C78A2D2-F298-4C4E-BCB3-2846778283A5}.Release|Any CPU.Build.0 = Release|Any CPU
		{66CEA270-A205-4B60-9527-A5870AD3ED24}.Debug|Any CPU.ActiveCfg = Debug|Any CPU
		{66CEA270-A205-4B60-9527-A5870AD3ED24}.Debug|Any CPU.Build.0 = Debug|Any CPU
		{66CEA270-A205-4B60-9527-A5870AD3ED24}.Release|Any CPU.ActiveCfg = Release|Any CPU
		{66CEA270-A205-4B60-9527-A5870AD3ED24}.Release|Any CPU.Build.0 = Release|Any CPU
	EndGlobalSection
	GlobalSection(SolutionProperties) = preSolution
		HideSolutionNode = FALSE
	EndGlobalSection
EndGlobal
