
Microsoft Visual Studio Solution File, Format Version 12.00
# Visual Studio 2012
Project("{FAE04EC0-301F-11D3-BF4B-00C04F79EFBC}") = "01.Coins", "01.Coins\01.Coins.csproj", "{2B947BC7-879B-4C81-9976-35B903D16655}"
EndProject
Project("{FAE04EC0-301F-11D3-BF4B-00C04F79EFBC}") = "02.Triangle", "02.Triangle\02.Triangle.csproj", "{C13BEEC0-6CF2-47D3-8146-16C47DD5D861}"
EndProject
Global
	GlobalSection(SolutionConfigurationPlatforms) = preSolution
		Debug|Any CPU = Debug|Any CPU
		Release|Any CPU = Release|Any CPU
	EndGlobalSection
	GlobalSection(ProjectConfigurationPlatforms) = postSolution
		{2B947BC7-879B-4C81-9976-35B903D16655}.Debug|Any CPU.ActiveCfg = Debug|Any CPU
		{2B947BC7-879B-4C81-9976-35B903D16655}.Debug|Any CPU.Build.0 = Debug|Any CPU
		{2B947BC7-879B-4C81-9976-35B903D16655}.Release|Any CPU.ActiveCfg = Release|Any CPU
		{2B947BC7-879B-4C81-9976-35B903D16655}.Release|Any CPU.Build.0 = Release|Any CPU
		{C13BEEC0-6CF2-47D3-8146-16C47DD5D861}.Debug|Any CPU.ActiveCfg = Debug|Any CPU
		{C13BEEC0-6CF2-47D3-8146-16C47DD5D861}.Debug|Any CPU.Build.0 = Debug|Any CPU
		{C13BEEC0-6CF2-47D3-8146-16C47DD5D861}.Release|Any CPU.ActiveCfg = Release|Any CPU
		{C13BEEC0-6CF2-47D3-8146-16C47DD5D861}.Release|Any CPU.Build.0 = Release|Any CPU
	EndGlobalSection
	GlobalSection(SolutionProperties) = preSolution
		HideSolutionNode = FALSE
	EndGlobalSection
EndGlobal
