
Microsoft Visual Studio Solution File, Format Version 12.00
# Visual Studio 2012
Project("{FAE04EC0-301F-11D3-BF4B-00C04F79EFBC}") = "01.RefactorFragment1", "01.RefactorFragment1\01.RefactorFragment1.csproj", "{45F9D4CF-F14C-43CE-AAB2-CDD9F90184BA}"
EndProject
Project("{FAE04EC0-301F-11D3-BF4B-00C04F79EFBC}") = "02.RefactorFragment2", "02.RefactorFragment2\02.RefactorFragment2.csproj", "{B7EFF5D5-4027-409A-9D3E-9BB1E7979FB1}"
EndProject
Global
	GlobalSection(SolutionConfigurationPlatforms) = preSolution
		Debug|Any CPU = Debug|Any CPU
		Release|Any CPU = Release|Any CPU
	EndGlobalSection
	GlobalSection(ProjectConfigurationPlatforms) = postSolution
		{45F9D4CF-F14C-43CE-AAB2-CDD9F90184BA}.Debug|Any CPU.ActiveCfg = Debug|Any CPU
		{45F9D4CF-F14C-43CE-AAB2-CDD9F90184BA}.Debug|Any CPU.Build.0 = Debug|Any CPU
		{45F9D4CF-F14C-43CE-AAB2-CDD9F90184BA}.Release|Any CPU.ActiveCfg = Release|Any CPU
		{45F9D4CF-F14C-43CE-AAB2-CDD9F90184BA}.Release|Any CPU.Build.0 = Release|Any CPU
		{B7EFF5D5-4027-409A-9D3E-9BB1E7979FB1}.Debug|Any CPU.ActiveCfg = Debug|Any CPU
		{B7EFF5D5-4027-409A-9D3E-9BB1E7979FB1}.Debug|Any CPU.Build.0 = Debug|Any CPU
		{B7EFF5D5-4027-409A-9D3E-9BB1E7979FB1}.Release|Any CPU.ActiveCfg = Release|Any CPU
		{B7EFF5D5-4027-409A-9D3E-9BB1E7979FB1}.Release|Any CPU.Build.0 = Release|Any CPU
	EndGlobalSection
	GlobalSection(SolutionProperties) = preSolution
		HideSolutionNode = FALSE
	EndGlobalSection
EndGlobal
