
Microsoft Visual Studio Solution File, Format Version 12.00
# Visual Studio 2012
Project("{FAE04EC0-301F-11D3-BF4B-00C04F79EFBC}") = "01. BinaryLines", "Lecture9 - Combinatorics\01. BinaryLines.csproj", "{14D29677-D109-4B0F-A270-DB7BCCB444F3}"
EndProject
Project("{FAE04EC0-301F-11D3-BF4B-00C04F79EFBC}") = "02.ColouredRabbits", "02.ColouredRabbits\02.ColouredRabbits.csproj", "{84AC4EBB-B61A-4843-9613-8195C8977E6C}"
EndProject
Global
	GlobalSection(SolutionConfigurationPlatforms) = preSolution
		Debug|Any CPU = Debug|Any CPU
		Release|Any CPU = Release|Any CPU
	EndGlobalSection
	GlobalSection(ProjectConfigurationPlatforms) = postSolution
		{14D29677-D109-4B0F-A270-DB7BCCB444F3}.Debug|Any CPU.ActiveCfg = Debug|Any CPU
		{14D29677-D109-4B0F-A270-DB7BCCB444F3}.Debug|Any CPU.Build.0 = Debug|Any CPU
		{14D29677-D109-4B0F-A270-DB7BCCB444F3}.Release|Any CPU.ActiveCfg = Release|Any CPU
		{14D29677-D109-4B0F-A270-DB7BCCB444F3}.Release|Any CPU.Build.0 = Release|Any CPU
		{84AC4EBB-B61A-4843-9613-8195C8977E6C}.Debug|Any CPU.ActiveCfg = Debug|Any CPU
		{84AC4EBB-B61A-4843-9613-8195C8977E6C}.Debug|Any CPU.Build.0 = Debug|Any CPU
		{84AC4EBB-B61A-4843-9613-8195C8977E6C}.Release|Any CPU.ActiveCfg = Release|Any CPU
		{84AC4EBB-B61A-4843-9613-8195C8977E6C}.Release|Any CPU.Build.0 = Release|Any CPU
	EndGlobalSection
	GlobalSection(SolutionProperties) = preSolution
		HideSolutionNode = FALSE
	EndGlobalSection
EndGlobal
