
Microsoft Visual Studio Solution File, Format Version 12.00
# Visual Studio 2012
Project("{FAE04EC0-301F-11D3-BF4B-00C04F79EFBC}") = "CarsCatalog", "CarsCatalog\CarsCatalog.csproj", "{453D4AD9-C742-40B2-BEE2-A82596251B37}"
EndProject
Project("{FAE04EC0-301F-11D3-BF4B-00C04F79EFBC}") = "02.NorthwindEmployees", "02.NorthwindEmployees\02.NorthwindEmployees.csproj", "{194929D1-5A05-4130-9616-DA73747D9DE4}"
EndProject
Project("{FAE04EC0-301F-11D3-BF4B-00C04F79EFBC}") = "03.NorthwEmp-FormView", "03.NorthwEmp-FormView\03.NorthwEmp-FormView.csproj", "{0B430DAF-B6D5-42D0-BEBD-E00BCCCED68F}"
EndProject
Project("{FAE04EC0-301F-11D3-BF4B-00C04F79EFBC}") = "04.Repeater-Employees", "04.Repeater-Employees\04.Repeater-Employees.csproj", "{437550D6-6CAD-489A-9450-5408B0ACE373}"
EndProject
Project("{FAE04EC0-301F-11D3-BF4B-00C04F79EFBC}") = "05.Repeater-Empl-ListView", "05.Repeater-Empl-ListView\05.Repeater-Empl-ListView.csproj", "{501F43F9-973F-4807-8864-C5E77E5A7379}"
EndProject
Project("{2150E333-8FDC-42A3-9474-1A3956D46DE8}") = ".nuget", ".nuget", "{CBCD54BB-1E92-4828-AC17-0A962A9AE416}"
	ProjectSection(SolutionItems) = preProject
		.nuget\NuGet.Config = .nuget\NuGet.Config
		.nuget\NuGet.exe = .nuget\NuGet.exe
		.nuget\NuGet.targets = .nuget\NuGet.targets
	EndProjectSection
EndProject
Global
	GlobalSection(SolutionConfigurationPlatforms) = preSolution
		Debug|Any CPU = Debug|Any CPU
		Release|Any CPU = Release|Any CPU
	EndGlobalSection
	GlobalSection(ProjectConfigurationPlatforms) = postSolution
		{453D4AD9-C742-40B2-BEE2-A82596251B37}.Debug|Any CPU.ActiveCfg = Debug|Any CPU
		{453D4AD9-C742-40B2-BEE2-A82596251B37}.Debug|Any CPU.Build.0 = Debug|Any CPU
		{453D4AD9-C742-40B2-BEE2-A82596251B37}.Release|Any CPU.ActiveCfg = Release|Any CPU
		{453D4AD9-C742-40B2-BEE2-A82596251B37}.Release|Any CPU.Build.0 = Release|Any CPU
		{194929D1-5A05-4130-9616-DA73747D9DE4}.Debug|Any CPU.ActiveCfg = Debug|Any CPU
		{194929D1-5A05-4130-9616-DA73747D9DE4}.Debug|Any CPU.Build.0 = Debug|Any CPU
		{194929D1-5A05-4130-9616-DA73747D9DE4}.Release|Any CPU.ActiveCfg = Release|Any CPU
		{194929D1-5A05-4130-9616-DA73747D9DE4}.Release|Any CPU.Build.0 = Release|Any CPU
		{0B430DAF-B6D5-42D0-BEBD-E00BCCCED68F}.Debug|Any CPU.ActiveCfg = Debug|Any CPU
		{0B430DAF-B6D5-42D0-BEBD-E00BCCCED68F}.Debug|Any CPU.Build.0 = Debug|Any CPU
		{0B430DAF-B6D5-42D0-BEBD-E00BCCCED68F}.Release|Any CPU.ActiveCfg = Release|Any CPU
		{0B430DAF-B6D5-42D0-BEBD-E00BCCCED68F}.Release|Any CPU.Build.0 = Release|Any CPU
		{437550D6-6CAD-489A-9450-5408B0ACE373}.Debug|Any CPU.ActiveCfg = Debug|Any CPU
		{437550D6-6CAD-489A-9450-5408B0ACE373}.Debug|Any CPU.Build.0 = Debug|Any CPU
		{437550D6-6CAD-489A-9450-5408B0ACE373}.Release|Any CPU.ActiveCfg = Release|Any CPU
		{437550D6-6CAD-489A-9450-5408B0ACE373}.Release|Any CPU.Build.0 = Release|Any CPU
		{501F43F9-973F-4807-8864-C5E77E5A7379}.Debug|Any CPU.ActiveCfg = Debug|Any CPU
		{501F43F9-973F-4807-8864-C5E77E5A7379}.Debug|Any CPU.Build.0 = Debug|Any CPU
		{501F43F9-973F-4807-8864-C5E77E5A7379}.Release|Any CPU.ActiveCfg = Release|Any CPU
		{501F43F9-973F-4807-8864-C5E77E5A7379}.Release|Any CPU.Build.0 = Release|Any CPU
	EndGlobalSection
	GlobalSection(SolutionProperties) = preSolution
		HideSolutionNode = FALSE
	EndGlobalSection
EndGlobal
