
Microsoft Visual Studio Solution File, Format Version 12.00
# Visual Studio 2012
Project("{FAE04EC0-301F-11D3-BF4B-00C04F79EFBC}") = "01.PrintYourName", "01.PrintYourName\01.PrintYourName.csproj", "{C9ADDCD9-7587-4A15-A31D-6C1B4AA2A5D6}"
EndProject
Project("{FAE04EC0-301F-11D3-BF4B-00C04F79EFBC}") = "02.GetMax", "02.GetMax\02.GetMax.csproj", "{0CC30B2C-EB92-48B5-90C8-C9F639D543FB}"
EndProject
Project("{FAE04EC0-301F-11D3-BF4B-00C04F79EFBC}") = "03.DigitAsWord", "03.DigitAsWord\03.DigitAsWord.csproj", "{38192243-B949-4014-BF6B-E163B71A1D7D}"
EndProject
Project("{FAE04EC0-301F-11D3-BF4B-00C04F79EFBC}") = "04.MethodAndTest", "04.MethodAndTest\04.MethodAndTest.csproj", "{E9B92E77-2E1A-4454-B882-B79886B3AED7}"
EndProject
Project("{FAE04EC0-301F-11D3-BF4B-00C04F79EFBC}") = "05.BiggerThanNeighbours", "05.BiggerThanNeighbours\05.BiggerThanNeighbours.csproj", "{0CD175D8-FE3B-46CD-95C6-705A13356A84}"
EndProject
Project("{FAE04EC0-301F-11D3-BF4B-00C04F79EFBC}") = "06.BiggerThanNeighboursOr-1", "06.BiggerThanNeighboursOr-1\06.BiggerThanNeighboursOr-1.csproj", "{79FCE276-7898-4A4C-8896-5DF7A15D2109}"
EndProject
Project("{FAE04EC0-301F-11D3-BF4B-00C04F79EFBC}") = "07.ReverseDigits", "07.ReverseDigits\07.ReverseDigits.csproj", "{B085670C-B479-4B45-92BA-F6FFC7BC8024}"
EndProject
Project("{FAE04EC0-301F-11D3-BF4B-00C04F79EFBC}") = "08.AddIntegersAsArrayOfDigits", "08.AddIntegersAsArrayOfDigits\08.AddIntegersAsArrayOfDigits.csproj", "{F1CC9554-3673-4A32-9AF3-39CD1F6608D4}"
EndProject
Project("{FAE04EC0-301F-11D3-BF4B-00C04F79EFBC}") = "09.SortAscAndDesc", "09.SortAscAndDesc\09.SortAscAndDesc.csproj", "{85501BF9-5255-482A-8B25-418C7596914F}"
EndProject
Project("{FAE04EC0-301F-11D3-BF4B-00C04F79EFBC}") = "10.CalculateFactorial", "10.CalculateFactorial\10.CalculateFactorial.csproj", "{BA7AFE71-F6BA-467D-B240-90CF7D658B8A}"
EndProject
Project("{FAE04EC0-301F-11D3-BF4B-00C04F79EFBC}") = "11.AddTwoPolynomials", "11.AddTwoPolynomials\11.AddTwoPolynomials.csproj", "{3442F129-C54E-4CA5-A5DC-946EA34D8791}"
EndProject
Project("{FAE04EC0-301F-11D3-BF4B-00C04F79EFBC}") = "12.SubstrAndMultiplPolly", "12.SubstrAndMultiplPolly\12.SubstrAndMultiplPolly.csproj", "{D2E19646-F9A2-4070-B6D3-C833C8DE5308}"
EndProject
Project("{FAE04EC0-301F-11D3-BF4B-00C04F79EFBC}") = "13.MultipleTasks", "13.MultipleTasks\13.MultipleTasks.csproj", "{F17F48BA-C7F3-4810-B68C-1CD10E36A8BA}"
EndProject
Project("{FAE04EC0-301F-11D3-BF4B-00C04F79EFBC}") = "14.MultipleTasksParams", "14.MultipleTasksParams\14.MultipleTasksParams.csproj", "{89D36D0E-D74F-4C50-B754-8CA4EDBB59A9}"
EndProject
Project("{FAE04EC0-301F-11D3-BF4B-00C04F79EFBC}") = "UnitTestProject1", "UnitTestProject1\UnitTestProject1.csproj", "{4D4D8CCB-1A07-4E39-8D9C-46DEBB4005E8}"
EndProject
Project("{FAE04EC0-301F-11D3-BF4B-00C04F79EFBC}") = "15.GenericMethod", "15.GenericMethod\15.GenericMethod.csproj", "{86A85005-223F-437C-99F9-52B8907379EC}"
EndProject
Global
	GlobalSection(SolutionConfigurationPlatforms) = preSolution
		Debug|Any CPU = Debug|Any CPU
		Release|Any CPU = Release|Any CPU
	EndGlobalSection
	GlobalSection(ProjectConfigurationPlatforms) = postSolution
		{C9ADDCD9-7587-4A15-A31D-6C1B4AA2A5D6}.Debug|Any CPU.ActiveCfg = Debug|Any CPU
		{C9ADDCD9-7587-4A15-A31D-6C1B4AA2A5D6}.Debug|Any CPU.Build.0 = Debug|Any CPU
		{C9ADDCD9-7587-4A15-A31D-6C1B4AA2A5D6}.Release|Any CPU.ActiveCfg = Release|Any CPU
		{C9ADDCD9-7587-4A15-A31D-6C1B4AA2A5D6}.Release|Any CPU.Build.0 = Release|Any CPU
		{0CC30B2C-EB92-48B5-90C8-C9F639D543FB}.Debug|Any CPU.ActiveCfg = Debug|Any CPU
		{0CC30B2C-EB92-48B5-90C8-C9F639D543FB}.Debug|Any CPU.Build.0 = Debug|Any CPU
		{0CC30B2C-EB92-48B5-90C8-C9F639D543FB}.Release|Any CPU.ActiveCfg = Release|Any CPU
		{0CC30B2C-EB92-48B5-90C8-C9F639D543FB}.Release|Any CPU.Build.0 = Release|Any CPU
		{38192243-B949-4014-BF6B-E163B71A1D7D}.Debug|Any CPU.ActiveCfg = Debug|Any CPU
		{38192243-B949-4014-BF6B-E163B71A1D7D}.Debug|Any CPU.Build.0 = Debug|Any CPU
		{38192243-B949-4014-BF6B-E163B71A1D7D}.Release|Any CPU.ActiveCfg = Release|Any CPU
		{38192243-B949-4014-BF6B-E163B71A1D7D}.Release|Any CPU.Build.0 = Release|Any CPU
		{E9B92E77-2E1A-4454-B882-B79886B3AED7}.Debug|Any CPU.ActiveCfg = Debug|Any CPU
		{E9B92E77-2E1A-4454-B882-B79886B3AED7}.Debug|Any CPU.Build.0 = Debug|Any CPU
		{E9B92E77-2E1A-4454-B882-B79886B3AED7}.Release|Any CPU.ActiveCfg = Release|Any CPU
		{E9B92E77-2E1A-4454-B882-B79886B3AED7}.Release|Any CPU.Build.0 = Release|Any CPU
		{0CD175D8-FE3B-46CD-95C6-705A13356A84}.Debug|Any CPU.ActiveCfg = Debug|Any CPU
		{0CD175D8-FE3B-46CD-95C6-705A13356A84}.Debug|Any CPU.Build.0 = Debug|Any CPU
		{0CD175D8-FE3B-46CD-95C6-705A13356A84}.Release|Any CPU.ActiveCfg = Release|Any CPU
		{0CD175D8-FE3B-46CD-95C6-705A13356A84}.Release|Any CPU.Build.0 = Release|Any CPU
		{79FCE276-7898-4A4C-8896-5DF7A15D2109}.Debug|Any CPU.ActiveCfg = Debug|Any CPU
		{79FCE276-7898-4A4C-8896-5DF7A15D2109}.Debug|Any CPU.Build.0 = Debug|Any CPU
		{79FCE276-7898-4A4C-8896-5DF7A15D2109}.Release|Any CPU.ActiveCfg = Release|Any CPU
		{79FCE276-7898-4A4C-8896-5DF7A15D2109}.Release|Any CPU.Build.0 = Release|Any CPU
		{B085670C-B479-4B45-92BA-F6FFC7BC8024}.Debug|Any CPU.ActiveCfg = Debug|Any CPU
		{B085670C-B479-4B45-92BA-F6FFC7BC8024}.Debug|Any CPU.Build.0 = Debug|Any CPU
		{B085670C-B479-4B45-92BA-F6FFC7BC8024}.Release|Any CPU.ActiveCfg = Release|Any CPU
		{B085670C-B479-4B45-92BA-F6FFC7BC8024}.Release|Any CPU.Build.0 = Release|Any CPU
		{F1CC9554-3673-4A32-9AF3-39CD1F6608D4}.Debug|Any CPU.ActiveCfg = Debug|Any CPU
		{F1CC9554-3673-4A32-9AF3-39CD1F6608D4}.Debug|Any CPU.Build.0 = Debug|Any CPU
		{F1CC9554-3673-4A32-9AF3-39CD1F6608D4}.Release|Any CPU.ActiveCfg = Release|Any CPU
		{F1CC9554-3673-4A32-9AF3-39CD1F6608D4}.Release|Any CPU.Build.0 = Release|Any CPU
		{85501BF9-5255-482A-8B25-418C7596914F}.Debug|Any CPU.ActiveCfg = Debug|Any CPU
		{85501BF9-5255-482A-8B25-418C7596914F}.Debug|Any CPU.Build.0 = Debug|Any CPU
		{85501BF9-5255-482A-8B25-418C7596914F}.Release|Any CPU.ActiveCfg = Release|Any CPU
		{85501BF9-5255-482A-8B25-418C7596914F}.Release|Any CPU.Build.0 = Release|Any CPU
		{BA7AFE71-F6BA-467D-B240-90CF7D658B8A}.Debug|Any CPU.ActiveCfg = Debug|Any CPU
		{BA7AFE71-F6BA-467D-B240-90CF7D658B8A}.Debug|Any CPU.Build.0 = Debug|Any CPU
		{BA7AFE71-F6BA-467D-B240-90CF7D658B8A}.Release|Any CPU.ActiveCfg = Release|Any CPU
		{BA7AFE71-F6BA-467D-B240-90CF7D658B8A}.Release|Any CPU.Build.0 = Release|Any CPU
		{3442F129-C54E-4CA5-A5DC-946EA34D8791}.Debug|Any CPU.ActiveCfg = Debug|Any CPU
		{3442F129-C54E-4CA5-A5DC-946EA34D8791}.Debug|Any CPU.Build.0 = Debug|Any CPU
		{3442F129-C54E-4CA5-A5DC-946EA34D8791}.Release|Any CPU.ActiveCfg = Release|Any CPU
		{3442F129-C54E-4CA5-A5DC-946EA34D8791}.Release|Any CPU.Build.0 = Release|Any CPU
		{D2E19646-F9A2-4070-B6D3-C833C8DE5308}.Debug|Any CPU.ActiveCfg = Debug|Any CPU
		{D2E19646-F9A2-4070-B6D3-C833C8DE5308}.Debug|Any CPU.Build.0 = Debug|Any CPU
		{D2E19646-F9A2-4070-B6D3-C833C8DE5308}.Release|Any CPU.ActiveCfg = Release|Any CPU
		{D2E19646-F9A2-4070-B6D3-C833C8DE5308}.Release|Any CPU.Build.0 = Release|Any CPU
		{F17F48BA-C7F3-4810-B68C-1CD10E36A8BA}.Debug|Any CPU.ActiveCfg = Debug|Any CPU
		{F17F48BA-C7F3-4810-B68C-1CD10E36A8BA}.Debug|Any CPU.Build.0 = Debug|Any CPU
		{F17F48BA-C7F3-4810-B68C-1CD10E36A8BA}.Release|Any CPU.ActiveCfg = Release|Any CPU
		{F17F48BA-C7F3-4810-B68C-1CD10E36A8BA}.Release|Any CPU.Build.0 = Release|Any CPU
		{89D36D0E-D74F-4C50-B754-8CA4EDBB59A9}.Debug|Any CPU.ActiveCfg = Debug|Any CPU
		{89D36D0E-D74F-4C50-B754-8CA4EDBB59A9}.Debug|Any CPU.Build.0 = Debug|Any CPU
		{89D36D0E-D74F-4C50-B754-8CA4EDBB59A9}.Release|Any CPU.ActiveCfg = Release|Any CPU
		{89D36D0E-D74F-4C50-B754-8CA4EDBB59A9}.Release|Any CPU.Build.0 = Release|Any CPU
		{4D4D8CCB-1A07-4E39-8D9C-46DEBB4005E8}.Debug|Any CPU.ActiveCfg = Debug|Any CPU
		{4D4D8CCB-1A07-4E39-8D9C-46DEBB4005E8}.Debug|Any CPU.Build.0 = Debug|Any CPU
		{4D4D8CCB-1A07-4E39-8D9C-46DEBB4005E8}.Release|Any CPU.ActiveCfg = Release|Any CPU
		{4D4D8CCB-1A07-4E39-8D9C-46DEBB4005E8}.Release|Any CPU.Build.0 = Release|Any CPU
		{86A85005-223F-437C-99F9-52B8907379EC}.Debug|Any CPU.ActiveCfg = Debug|Any CPU
		{86A85005-223F-437C-99F9-52B8907379EC}.Debug|Any CPU.Build.0 = Debug|Any CPU
		{86A85005-223F-437C-99F9-52B8907379EC}.Release|Any CPU.ActiveCfg = Release|Any CPU
		{86A85005-223F-437C-99F9-52B8907379EC}.Release|Any CPU.Build.0 = Release|Any CPU
	EndGlobalSection
	GlobalSection(SolutionProperties) = preSolution
		HideSolutionNode = FALSE
	EndGlobalSection
EndGlobal
