
Microsoft Visual Studio Solution File, Format Version 12.00
# Visual Studio 2012
Project("{FAE04EC0-301F-11D3-BF4B-00C04F79EFBC}") = "ComparePerformance", "ComparePerformance.csproj", "{87343D13-2FAC-4F5C-8EA5-9DB4E47D02D6}"
EndProject
Project("{FAE04EC0-301F-11D3-BF4B-00C04F79EFBC}") = "ComparePerformance2", "..\ComparePerformance2\ComparePerformance2.csproj", "{9EE45D74-6C2B-4F7E-A362-435A021832AE}"
EndProject
Global
	GlobalSection(SolutionConfigurationPlatforms) = preSolution
		Debug|Any CPU = Debug|Any CPU
		Release|Any CPU = Release|Any CPU
	EndGlobalSection
	GlobalSection(ProjectConfigurationPlatforms) = postSolution
		{87343D13-2FAC-4F5C-8EA5-9DB4E47D02D6}.Debug|Any CPU.ActiveCfg = Debug|Any CPU
		{87343D13-2FAC-4F5C-8EA5-9DB4E47D02D6}.Debug|Any CPU.Build.0 = Debug|Any CPU
		{87343D13-2FAC-4F5C-8EA5-9DB4E47D02D6}.Release|Any CPU.ActiveCfg = Release|Any CPU
		{87343D13-2FAC-4F5C-8EA5-9DB4E47D02D6}.Release|Any CPU.Build.0 = Release|Any CPU
		{9EE45D74-6C2B-4F7E-A362-435A021832AE}.Debug|Any CPU.ActiveCfg = Debug|Any CPU
		{9EE45D74-6C2B-4F7E-A362-435A021832AE}.Debug|Any CPU.Build.0 = Debug|Any CPU
		{9EE45D74-6C2B-4F7E-A362-435A021832AE}.Release|Any CPU.ActiveCfg = Release|Any CPU
		{9EE45D74-6C2B-4F7E-A362-435A021832AE}.Release|Any CPU.Build.0 = Release|Any CPU
	EndGlobalSection
	GlobalSection(SolutionProperties) = preSolution
		HideSolutionNode = FALSE
	EndGlobalSection
EndGlobal
