
Microsoft Visual Studio Solution File, Format Version 12.00
# Visual Studio 2012
Project("{FAE04EC0-301F-11D3-BF4B-00C04F79EFBC}") = "Strings", "Strings\Strings.csproj", "{D210B9EF-D7EC-4A08-A3F9-A8A48E70621D}"
EndProject
Global
	GlobalSection(SolutionConfigurationPlatforms) = preSolution
		Debug|Any CPU = Debug|Any CPU
		Release|Any CPU = Release|Any CPU
	EndGlobalSection
	GlobalSection(ProjectConfigurationPlatforms) = postSolution
		{D210B9EF-D7EC-4A08-A3F9-A8A48E70621D}.Debug|Any CPU.ActiveCfg = Debug|Any CPU
		{D210B9EF-D7EC-4A08-A3F9-A8A48E70621D}.Debug|Any CPU.Build.0 = Debug|Any CPU
		{D210B9EF-D7EC-4A08-A3F9-A8A48E70621D}.Release|Any CPU.ActiveCfg = Release|Any CPU
		{D210B9EF-D7EC-4A08-A3F9-A8A48E70621D}.Release|Any CPU.Build.0 = Release|Any CPU
	EndGlobalSection
	GlobalSection(SolutionProperties) = preSolution
		HideSolutionNode = FALSE
	EndGlobalSection
EndGlobal
