
Microsoft Visual Studio Solution File, Format Version 12.00
# Visual Studio 2012
Project("{FAE04EC0-301F-11D3-BF4B-00C04F79EFBC}") = "01.RefactorCode1", "01.RefactorCode1\01.RefactorCode1.csproj", "{1614E90F-D175-49AD-9D2F-D81F9898CD7F}"
EndProject
Project("{FAE04EC0-301F-11D3-BF4B-00C04F79EFBC}") = "02.RefactorCode2", "02.RefactorCode2\02.RefactorCode2.csproj", "{81A3FB9A-9123-43C9-8E97-D3DDECCD1818}"
EndProject
Project("{FAE04EC0-301F-11D3-BF4B-00C04F79EFBC}") = "03.RefactorLoop", "03.RefactorLoop\03.RefactorLoop.csproj", "{1A8EB7AD-6E40-4311-B74D-3B61F98A5104}"
EndProject
Global
	GlobalSection(SolutionConfigurationPlatforms) = preSolution
		Debug|Any CPU = Debug|Any CPU
		Release|Any CPU = Release|Any CPU
	EndGlobalSection
	GlobalSection(ProjectConfigurationPlatforms) = postSolution
		{1614E90F-D175-49AD-9D2F-D81F9898CD7F}.Debug|Any CPU.ActiveCfg = Debug|Any CPU
		{1614E90F-D175-49AD-9D2F-D81F9898CD7F}.Debug|Any CPU.Build.0 = Debug|Any CPU
		{1614E90F-D175-49AD-9D2F-D81F9898CD7F}.Release|Any CPU.ActiveCfg = Release|Any CPU
		{1614E90F-D175-49AD-9D2F-D81F9898CD7F}.Release|Any CPU.Build.0 = Release|Any CPU
		{81A3FB9A-9123-43C9-8E97-D3DDECCD1818}.Debug|Any CPU.ActiveCfg = Debug|Any CPU
		{81A3FB9A-9123-43C9-8E97-D3DDECCD1818}.Debug|Any CPU.Build.0 = Debug|Any CPU
		{81A3FB9A-9123-43C9-8E97-D3DDECCD1818}.Release|Any CPU.ActiveCfg = Release|Any CPU
		{81A3FB9A-9123-43C9-8E97-D3DDECCD1818}.Release|Any CPU.Build.0 = Release|Any CPU
		{1A8EB7AD-6E40-4311-B74D-3B61F98A5104}.Debug|Any CPU.ActiveCfg = Debug|Any CPU
		{1A8EB7AD-6E40-4311-B74D-3B61F98A5104}.Debug|Any CPU.Build.0 = Debug|Any CPU
		{1A8EB7AD-6E40-4311-B74D-3B61F98A5104}.Release|Any CPU.ActiveCfg = Release|Any CPU
		{1A8EB7AD-6E40-4311-B74D-3B61F98A5104}.Release|Any CPU.Build.0 = Release|Any CPU
	EndGlobalSection
	GlobalSection(SolutionProperties) = preSolution
		HideSolutionNode = FALSE
	EndGlobalSection
EndGlobal
