
Microsoft Visual Studio Solution File, Format Version 12.00
# Visual Studio 2012
Project("{FAE04EC0-301F-11D3-BF4B-00C04F79EFBC}") = "Forum.Models", "Forum.Models\Forum.Models.csproj", "{1918D78F-ED80-4E97-AF7F-07F50FAF21C6}"
EndProject
Project("{FAE04EC0-301F-11D3-BF4B-00C04F79EFBC}") = "Forum.Data", "Forum.Data\Forum.Data.csproj", "{C04BC7C9-821E-45A2-860E-3C7D8116454F}"
EndProject
Project("{FAE04EC0-301F-11D3-BF4B-00C04F79EFBC}") = "Forum.Client", "Forum.Client\Forum.Client.csproj", "{9C56A788-AF17-4367-B979-9FB9734A5F83}"
EndProject
Project("{FAE04EC0-301F-11D3-BF4B-00C04F79EFBC}") = "Forum.Tests", "Forum.Tests\Forum.Tests.csproj", "{9EE02F50-3695-4511-87DA-3AF88875D10B}"
EndProject
Global
	GlobalSection(SolutionConfigurationPlatforms) = preSolution
		Debug|Any CPU = Debug|Any CPU
		Release|Any CPU = Release|Any CPU
	EndGlobalSection
	GlobalSection(ProjectConfigurationPlatforms) = postSolution
		{1918D78F-ED80-4E97-AF7F-07F50FAF21C6}.Debug|Any CPU.ActiveCfg = Debug|Any CPU
		{1918D78F-ED80-4E97-AF7F-07F50FAF21C6}.Debug|Any CPU.Build.0 = Debug|Any CPU
		{1918D78F-ED80-4E97-AF7F-07F50FAF21C6}.Release|Any CPU.ActiveCfg = Release|Any CPU
		{1918D78F-ED80-4E97-AF7F-07F50FAF21C6}.Release|Any CPU.Build.0 = Release|Any CPU
		{C04BC7C9-821E-45A2-860E-3C7D8116454F}.Debug|Any CPU.ActiveCfg = Debug|Any CPU
		{C04BC7C9-821E-45A2-860E-3C7D8116454F}.Debug|Any CPU.Build.0 = Debug|Any CPU
		{C04BC7C9-821E-45A2-860E-3C7D8116454F}.Release|Any CPU.ActiveCfg = Release|Any CPU
		{C04BC7C9-821E-45A2-860E-3C7D8116454F}.Release|Any CPU.Build.0 = Release|Any CPU
		{9C56A788-AF17-4367-B979-9FB9734A5F83}.Debug|Any CPU.ActiveCfg = Debug|Any CPU
		{9C56A788-AF17-4367-B979-9FB9734A5F83}.Debug|Any CPU.Build.0 = Debug|Any CPU
		{9C56A788-AF17-4367-B979-9FB9734A5F83}.Release|Any CPU.ActiveCfg = Release|Any CPU
		{9C56A788-AF17-4367-B979-9FB9734A5F83}.Release|Any CPU.Build.0 = Release|Any CPU
		{9EE02F50-3695-4511-87DA-3AF88875D10B}.Debug|Any CPU.ActiveCfg = Debug|Any CPU
		{9EE02F50-3695-4511-87DA-3AF88875D10B}.Debug|Any CPU.Build.0 = Debug|Any CPU
		{9EE02F50-3695-4511-87DA-3AF88875D10B}.Release|Any CPU.ActiveCfg = Release|Any CPU
		{9EE02F50-3695-4511-87DA-3AF88875D10B}.Release|Any CPU.Build.0 = Release|Any CPU
	EndGlobalSection
	GlobalSection(SolutionProperties) = preSolution
		HideSolutionNode = FALSE
	EndGlobalSection
EndGlobal
